
Microsoft Visual Studio Solution File, Format Version 12.00
# Visual Studio Version 17
VisualStudioVersion = 17.0.31903.59
MinimumVisualStudioVersion = 10.0.40219.1
Project("{FAE04EC0-301F-11D3-BF4B-00C04F79EFBC}") = "environmentMonitoring", "environmentMonitoring\environmentMonitoring.csproj", "{36DFF6CA-2505-4C5E-835A-BD50E913A43A}"
EndProject
Project("{FAE04EC0-301F-11D3-BF4B-00C04F79EFBC}") = "environmentMonitoring.Database", "environmentMonitoring.Database\environmentMonitoring.Database.csproj", "{B0714188-9284-45C7-BCD4-B471027D145A}"
EndProject
Project("{FAE04EC0-301F-11D3-BF4B-00C04F79EFBC}") = "environmentMonitoring.Migrations", "environmentMonitoring.Migrations\environmentMonitoring.Migrations.csproj", "{D5BB9F22-7FC6-427A-95C3-9CB6F12BD705}"
EndProject
Global
	GlobalSection(SolutionConfigurationPlatforms) = preSolution
		Debug|Any CPU = Debug|Any CPU
		Release|Any CPU = Release|Any CPU
	EndGlobalSection
	GlobalSection(SolutionProperties) = preSolution
		HideSolutionNode = FALSE
	EndGlobalSection
	GlobalSection(ProjectConfigurationPlatforms) = postSolution
		{36DFF6CA-2505-4C5E-835A-BD50E913A43A}.Debug|Any CPU.ActiveCfg = Debug|Any CPU
		{36DFF6CA-2505-4C5E-835A-BD50E913A43A}.Debug|Any CPU.Build.0 = Debug|Any CPU
		{36DFF6CA-2505-4C5E-835A-BD50E913A43A}.Release|Any CPU.ActiveCfg = Release|Any CPU
		{36DFF6CA-2505-4C5E-835A-BD50E913A43A}.Release|Any CPU.Build.0 = Release|Any CPU
		{B0714188-9284-45C7-BCD4-B471027D145A}.Debug|Any CPU.ActiveCfg = Debug|Any CPU
		{B0714188-9284-45C7-BCD4-B471027D145A}.Debug|Any CPU.Build.0 = Debug|Any CPU
		{B0714188-9284-45C7-BCD4-B471027D145A}.Release|Any CPU.ActiveCfg = Release|Any CPU
		{B0714188-9284-45C7-BCD4-B471027D145A}.Release|Any CPU.Build.0 = Release|Any CPU
		{D5BB9F22-7FC6-427A-95C3-9CB6F12BD705}.Debug|Any CPU.ActiveCfg = Debug|Any CPU
		{D5BB9F22-7FC6-427A-95C3-9CB6F12BD705}.Debug|Any CPU.Build.0 = Debug|Any CPU
		{D5BB9F22-7FC6-427A-95C3-9CB6F12BD705}.Release|Any CPU.ActiveCfg = Release|Any CPU
		{D5BB9F22-7FC6-427A-95C3-9CB6F12BD705}.Release|Any CPU.Build.0 = Release|Any CPU
	EndGlobalSection
EndGlobal
